<Solution>
  <Folder Name="/QuantEngine/">
    <Project Path="QuantEngine/MultiFactorPortfolioEngine.Analytics/MultiFactorPortfolioEngine.Analytics.csproj" />
    <Project Path="QuantEngine/MultiFactorPortfolioEngine.Backtesting/MultiFactorPortfolioEngine.Backtesting.csproj" />
    <Project Path="QuantEngine/MultiFactorPortfolioEngine.Common/MultiFactorPortfolioEngine.Common.csproj" />
    <Project Path="QuantEngine/MultiFactorPortfolioEngine.Data/MultiFactorPortfolioEngine.Data.csproj" />
    <Project Path="QuantEngine/MultiFactorPortfolioEngine.Factors/MultiFactorPortfolioEngine.Factors.csproj" />
    <Project Path="QuantEngine/MultiFactorPortfolioEngine.Portfolio/MultiFactorPortfolioEngine.Portfolio.csproj" />
  </Folder>
  <Folder Name="/Tests/">
    <Project Path="Tests/MultiFactorPortfolioEngine.Tests.Backtesting/MultiFactorPortfolioEngine.Tests.Backtesting.csproj" />
    <Project Path="Tests/MultiFactorPortfolioEngine.Tests.Data/MultiFactorPortfolioEngine.Tests.Data.csproj" />
    <Project Path="Tests/MultiFactorPortfolioEngine.Tests.Factors/MultiFactorPortfolioEngine.Tests.Factors.csproj" />
    <Project Path="Tests/MultiFactorPortfolioEngine.Tests.Portfolio/MultiFactorPortfolioEngine.Tests.Portfolio.csproj" />
  </Folder>
  <Project Path="MultiFactorPortfolioEngine/MultiFactorPortfolioEngine.Console.csproj" />
</Solution>
